# THIS IS AN AUTOGENERATED FILE. DO NOT EDIT THIS FILE DIRECTLY.
# yarn lockfile v1


expo-blur@^14.0.3:
  version "14.0.3"
  resolved "https://registry.yarnpkg.com/expo-blur/-/expo-blur-14.0.3.tgz#656d6b2442bfbbfb2a6608c6bc1151b29bce6698"
  integrity sha512-BL3xnqBJbYm3Hg9t/HjNjdeY7N/q8eK5tsLYxswWG1yElISWZmMvrXYekl7XaVCPfyFyz8vQeaxd7q74ZY3Wrw==
